// !$*UTF8*$!
{
	archiveVersion = 1;
	classes = {
	};
	objectVersion = 56;
	objects = {

/* Begin PBXBuildFile section */
		098B28AA2A45CDAD00FB0F81 /* AppDelegate.swift in Sources */ = {isa = PBXBuildFile; fileRef = 098B28A92A45CDAD00FB0F81 /* AppDelegate.swift */; };
		098B28AC2A45CDAD00FB0F81 /* SceneDelegate.swift in Sources */ = {isa = PBXBuildFile; fileRef = 098B28AB2A45CDAD00FB0F81 /* SceneDelegate.swift */; };
		098B28B32A45CDAF00FB0F81 /* Assets.xcassets in Resources */ = {isa = PBXBuildFile; fileRef = 098B28B22A45CDAF00FB0F81 /* Assets.xcassets */; };
		098B28B62A45CDAF00FB0F81 /* LaunchScreen.storyboard in Resources */ = {isa = PBXBuildFile; fileRef = 098B28B42A45CDAF00FB0F81 /* LaunchScreen.storyboard */; };
		098B28C12A45CF3D00FB0F81 /* MainViewController.swift in Sources */ = {isa = PBXBuildFile; fileRef = 098B28C02A45CF3D00FB0F81 /* MainViewController.swift */; };
		098B28C42A45D2D100FB0F81 /* SnapKit in Frameworks */ = {isa = PBXBuildFile; productRef = 098B28C32A45D2D100FB0F81 /* SnapKit */; };
		098B28C72A45D31F00FB0F81 /* Then in Frameworks */ = {isa = PBXBuildFile; productRef = 098B28C62A45D31F00FB0F81 /* Then */; };
		099D8DC52A4880E7009E33C1 /* SideMenu in Frameworks */ = {isa = PBXBuildFile; productRef = 099D8DC42A4880E7009E33C1 /* SideMenu */; };
		099D8DC72A48812B009E33C1 /* SideMenuNavigationController.swift in Sources */ = {isa = PBXBuildFile; fileRef = 099D8DC62A48812B009E33C1 /* SideMenuNavigationController.swift */; };
		09D8DF212A46F58E009A6B17 /* Colors.swift in Sources */ = {isa = PBXBuildFile; fileRef = 09D8DF202A46F58E009A6B17 /* Colors.swift */; };
		09E60F4B2A4AFA8A0057AE19 /* Fonts.swift in Sources */ = {isa = PBXBuildFile; fileRef = 09E60F4A2A4AFA8A0057AE19 /* Fonts.swift */; };
		09E60F4E2A4B03980057AE19 /* LoginService.swift in Sources */ = {isa = PBXBuildFile; fileRef = 09E60F4D2A4B03980057AE19 /* LoginService.swift */; };
		09E60F512A4B056B0057AE19 /* KakaoSDKAuth in Frameworks */ = {isa = PBXBuildFile; productRef = 09E60F502A4B056B0057AE19 /* KakaoSDKAuth */; };
		09E60F532A4B056B0057AE19 /* KakaoSDKCommon in Frameworks */ = {isa = PBXBuildFile; productRef = 09E60F522A4B056B0057AE19 /* KakaoSDKCommon */; };
		09E60F552A4B056B0057AE19 /* KakaoSDKUser in Frameworks */ = {isa = PBXBuildFile; productRef = 09E60F542A4B056B0057AE19 /* KakaoSDKUser */; };
		09E60F572A4B095C0057AE19 /* SplashViewController.swift in Sources */ = {isa = PBXBuildFile; fileRef = 09E60F562A4B095C0057AE19 /* SplashViewController.swift */; };
		09E60F5A2A4B12660057AE19 /* GoogleService-Info.plist in Resources */ = {isa = PBXBuildFile; fileRef = 09E60F592A4B12660057AE19 /* GoogleService-Info.plist */; };
		09E60F762A4B14B60057AE19 /* FirebaseAnalytics in Frameworks */ = {isa = PBXBuildFile; productRef = 09E60F752A4B14B60057AE19 /* FirebaseAnalytics */; };
		09E60F782A4B14B60057AE19 /* FirebaseAnalyticsOnDeviceConversion in Frameworks */ = {isa = PBXBuildFile; productRef = 09E60F772A4B14B60057AE19 /* FirebaseAnalyticsOnDeviceConversion */; };
		09E60F7A2A4B14B60057AE19 /* FirebaseAnalyticsSwift in Frameworks */ = {isa = PBXBuildFile; productRef = 09E60F792A4B14B60057AE19 /* FirebaseAnalyticsSwift */; };
		09E60F7C2A4B14B60057AE19 /* FirebaseAnalyticsWithoutAdIdSupport in Frameworks */ = {isa = PBXBuildFile; productRef = 09E60F7B2A4B14B60057AE19 /* FirebaseAnalyticsWithoutAdIdSupport */; };
		09E60F7E2A4B14B70057AE19 /* FirebaseAppCheck in Frameworks */ = {isa = PBXBuildFile; productRef = 09E60F7D2A4B14B60057AE19 /* FirebaseAppCheck */; };
		09E60F802A4B14B70057AE19 /* FirebaseAppDistribution-Beta in Frameworks */ = {isa = PBXBuildFile; productRef = 09E60F7F2A4B14B70057AE19 /* FirebaseAppDistribution-Beta */; };
		09E60F822A4B14B70057AE19 /* FirebaseAuth in Frameworks */ = {isa = PBXBuildFile; productRef = 09E60F812A4B14B70057AE19 /* FirebaseAuth */; };
		09E60F842A4B14B70057AE19 /* FirebaseAuthCombine-Community in Frameworks */ = {isa = PBXBuildFile; productRef = 09E60F832A4B14B70057AE19 /* FirebaseAuthCombine-Community */; };
		09E60F862A4B14B70057AE19 /* FirebaseDatabase in Frameworks */ = {isa = PBXBuildFile; productRef = 09E60F852A4B14B70057AE19 /* FirebaseDatabase */; };
		09E60F882A4B14B70057AE19 /* FirebaseDatabaseSwift in Frameworks */ = {isa = PBXBuildFile; productRef = 09E60F872A4B14B70057AE19 /* FirebaseDatabaseSwift */; };
		09E60F8A2A4B14B70057AE19 /* FirebaseDynamicLinks in Frameworks */ = {isa = PBXBuildFile; productRef = 09E60F892A4B14B70057AE19 /* FirebaseDynamicLinks */; };
		09E60F8C2A4B14B70057AE19 /* FirebaseFirestore in Frameworks */ = {isa = PBXBuildFile; productRef = 09E60F8B2A4B14B70057AE19 /* FirebaseFirestore */; };
		09E60F8E2A4B14B70057AE19 /* FirebaseFirestoreCombine-Community in Frameworks */ = {isa = PBXBuildFile; productRef = 09E60F8D2A4B14B70057AE19 /* FirebaseFirestoreCombine-Community */; };
		09E60F902A4B14B70057AE19 /* FirebaseFirestoreSwift in Frameworks */ = {isa = PBXBuildFile; productRef = 09E60F8F2A4B14B70057AE19 /* FirebaseFirestoreSwift */; };
		09E60F922A4B14B70057AE19 /* FirebaseFunctions in Frameworks */ = {isa = PBXBuildFile; productRef = 09E60F912A4B14B70057AE19 /* FirebaseFunctions */; };
		09E60F942A4B14B70057AE19 /* FirebaseFunctionsCombine-Community in Frameworks */ = {isa = PBXBuildFile; productRef = 09E60F932A4B14B70057AE19 /* FirebaseFunctionsCombine-Community */; };
		09E60F962A4B14B70057AE19 /* FirebaseInAppMessaging-Beta in Frameworks */ = {isa = PBXBuildFile; productRef = 09E60F952A4B14B70057AE19 /* FirebaseInAppMessaging-Beta */; };
		09E60F982A4B14B70057AE19 /* FirebaseInAppMessagingSwift-Beta in Frameworks */ = {isa = PBXBuildFile; productRef = 09E60F972A4B14B70057AE19 /* FirebaseInAppMessagingSwift-Beta */; };
		09E60F9A2A4B14B70057AE19 /* FirebaseInstallations in Frameworks */ = {isa = PBXBuildFile; productRef = 09E60F992A4B14B70057AE19 /* FirebaseInstallations */; };
		09E60F9C2A4B14B70057AE19 /* FirebaseMLModelDownloader in Frameworks */ = {isa = PBXBuildFile; productRef = 09E60F9B2A4B14B70057AE19 /* FirebaseMLModelDownloader */; };
		09E60F9E2A4B14B70057AE19 /* FirebaseMessaging in Frameworks */ = {isa = PBXBuildFile; productRef = 09E60F9D2A4B14B70057AE19 /* FirebaseMessaging */; };
		09E60FA02A4B14B70057AE19 /* FirebasePerformance in Frameworks */ = {isa = PBXBuildFile; productRef = 09E60F9F2A4B14B70057AE19 /* FirebasePerformance */; };
		09E60FA22A4B14B70057AE19 /* FirebaseRemoteConfig in Frameworks */ = {isa = PBXBuildFile; productRef = 09E60FA12A4B14B70057AE19 /* FirebaseRemoteConfig */; };
		09E60FA42A4B14B70057AE19 /* FirebaseRemoteConfigSwift in Frameworks */ = {isa = PBXBuildFile; productRef = 09E60FA32A4B14B70057AE19 /* FirebaseRemoteConfigSwift */; };
		09E60FA62A4B14B70057AE19 /* FirebaseStorage in Frameworks */ = {isa = PBXBuildFile; productRef = 09E60FA52A4B14B70057AE19 /* FirebaseStorage */; };
		09E60FA82A4B14B70057AE19 /* FirebaseStorageCombine-Community in Frameworks */ = {isa = PBXBuildFile; productRef = 09E60FA72A4B14B70057AE19 /* FirebaseStorageCombine-Community */; };
		09EB5CD52A49ABA7005BD0C1 /* LoginViewController.swift in Sources */ = {isa = PBXBuildFile; fileRef = 09EB5CD42A49ABA7005BD0C1 /* LoginViewController.swift */; };
		09EB5CD82A49B752005BD0C1 /* Lottie in Frameworks */ = {isa = PBXBuildFile; productRef = 09EB5CD72A49B752005BD0C1 /* Lottie */; };
		09EB5CDC2A49BE58005BD0C1 /* 99228-heart2heart.json in Resources */ = {isa = PBXBuildFile; fileRef = 09EB5CDB2A49BE58005BD0C1 /* 99228-heart2heart.json */; };
		09EB5CDE2A49E426005BD0C1 /* MemortCardCollectionViewCell.swift in Sources */ = {isa = PBXBuildFile; fileRef = 09EB5CDD2A49E426005BD0C1 /* MemortCardCollectionViewCell.swift */; };
		09F2A7662A505CCA0043E1C6 /* SideMenuViewController.swift in Sources */ = {isa = PBXBuildFile; fileRef = 09F2A7652A505CCA0043E1C6 /* SideMenuViewController.swift */; };
/* End PBXBuildFile section */

/* Begin PBXFileReference section */
		098B28A62A45CDAC00FB0F81 /* You&I.app */ = {isa = PBXFileReference; explicitFileType = wrapper.application; includeInIndex = 0; path = "You&I.app"; sourceTree = BUILT_PRODUCTS_DIR; };
		098B28A92A45CDAD00FB0F81 /* AppDelegate.swift */ = {isa = PBXFileReference; lastKnownFileType = sourcecode.swift; path = AppDelegate.swift; sourceTree = "<group>"; };
		098B28AB2A45CDAD00FB0F81 /* SceneDelegate.swift */ = {isa = PBXFileReference; lastKnownFileType = sourcecode.swift; path = SceneDelegate.swift; sourceTree = "<group>"; };
		098B28B22A45CDAF00FB0F81 /* Assets.xcassets */ = {isa = PBXFileReference; lastKnownFileType = folder.assetcatalog; path = Assets.xcassets; sourceTree = "<group>"; };
		098B28B52A45CDAF00FB0F81 /* Base */ = {isa = PBXFileReference; lastKnownFileType = file.storyboard; name = Base; path = Base.lproj/LaunchScreen.storyboard; sourceTree = "<group>"; };
		098B28B72A45CDAF00FB0F81 /* Info.plist */ = {isa = PBXFileReference; lastKnownFileType = text.plist.xml; path = Info.plist; sourceTree = "<group>"; };
		098B28C02A45CF3D00FB0F81 /* MainViewController.swift */ = {isa = PBXFileReference; lastKnownFileType = sourcecode.swift; path = MainViewController.swift; sourceTree = "<group>"; wrapsLines = 0; };
		099D8DC62A48812B009E33C1 /* SideMenuNavigationController.swift */ = {isa = PBXFileReference; lastKnownFileType = sourcecode.swift; path = SideMenuNavigationController.swift; sourceTree = "<group>"; };
		09D8DF202A46F58E009A6B17 /* Colors.swift */ = {isa = PBXFileReference; lastKnownFileType = sourcecode.swift; path = Colors.swift; sourceTree = "<group>"; };
		09E60F472A4AFA770057AE19 /* Pretendard-Bold.otf */ = {isa = PBXFileReference; lastKnownFileType = file; path = "Pretendard-Bold.otf"; sourceTree = "<group>"; };
		09E60F482A4AFA780057AE19 /* Pretendard-Medium.otf */ = {isa = PBXFileReference; lastKnownFileType = file; path = "Pretendard-Medium.otf"; sourceTree = "<group>"; };
		09E60F492A4AFA780057AE19 /* Pretendard-Regular.otf */ = {isa = PBXFileReference; lastKnownFileType = file; path = "Pretendard-Regular.otf"; sourceTree = "<group>"; };
		09E60F4A2A4AFA8A0057AE19 /* Fonts.swift */ = {isa = PBXFileReference; lastKnownFileType = sourcecode.swift; path = Fonts.swift; sourceTree = "<group>"; };
		09E60F4D2A4B03980057AE19 /* LoginService.swift */ = {isa = PBXFileReference; lastKnownFileType = sourcecode.swift; path = LoginService.swift; sourceTree = "<group>"; };
		09E60F562A4B095C0057AE19 /* SplashViewController.swift */ = {isa = PBXFileReference; lastKnownFileType = sourcecode.swift; path = SplashViewController.swift; sourceTree = "<group>"; };
		09E60F582A4B0EF10057AE19 /* You&I.entitlements */ = {isa = PBXFileReference; lastKnownFileType = text.plist.entitlements; path = "You&I.entitlements"; sourceTree = "<group>"; };
		09E60F592A4B12660057AE19 /* GoogleService-Info.plist */ = {isa = PBXFileReference; fileEncoding = 4; lastKnownFileType = text.plist.xml; path = "GoogleService-Info.plist"; sourceTree = "<group>"; };
		09EB5CD42A49ABA7005BD0C1 /* LoginViewController.swift */ = {isa = PBXFileReference; indentWidth = 3; lastKnownFileType = sourcecode.swift; path = LoginViewController.swift; sourceTree = "<group>"; };
		09EB5CDB2A49BE58005BD0C1 /* 99228-heart2heart.json */ = {isa = PBXFileReference; fileEncoding = 4; lastKnownFileType = text.json; path = "99228-heart2heart.json"; sourceTree = "<group>"; };
		09EB5CDD2A49E426005BD0C1 /* MemortCardCollectionViewCell.swift */ = {isa = PBXFileReference; lastKnownFileType = sourcecode.swift; path = MemortCardCollectionViewCell.swift; sourceTree = "<group>"; };
		09F2A7652A505CCA0043E1C6 /* SideMenuViewController.swift */ = {isa = PBXFileReference; lastKnownFileType = sourcecode.swift; path = SideMenuViewController.swift; sourceTree = "<group>"; };
/* End PBXFileReference section */

/* Begin PBXFrameworksBuildPhase section */
		098B28A32A45CDAC00FB0F81 /* Frameworks */ = {
			isa = PBXFrameworksBuildPhase;
			buildActionMask = 2147483647;
			files = (
				098B28C42A45D2D100FB0F81 /* SnapKit in Frameworks */,
				099D8DC52A4880E7009E33C1 /* SideMenu in Frameworks */,
				09E60F762A4B14B60057AE19 /* FirebaseAnalytics in Frameworks */,
				09E60F802A4B14B70057AE19 /* FirebaseAppDistribution-Beta in Frameworks */,
				09E60FA02A4B14B70057AE19 /* FirebasePerformance in Frameworks */,
				09E60FA62A4B14B70057AE19 /* FirebaseStorage in Frameworks */,
				09E60F8C2A4B14B70057AE19 /* FirebaseFirestore in Frameworks */,
				09E60F842A4B14B70057AE19 /* FirebaseAuthCombine-Community in Frameworks */,
				09E60F942A4B14B70057AE19 /* FirebaseFunctionsCombine-Community in Frameworks */,
				09E60FA42A4B14B70057AE19 /* FirebaseRemoteConfigSwift in Frameworks */,
				09E60F8A2A4B14B70057AE19 /* FirebaseDynamicLinks in Frameworks */,
				09E60FA22A4B14B70057AE19 /* FirebaseRemoteConfig in Frameworks */,
				098B28C72A45D31F00FB0F81 /* Then in Frameworks */,
				09E60F862A4B14B70057AE19 /* FirebaseDatabase in Frameworks */,
				09E60F922A4B14B70057AE19 /* FirebaseFunctions in Frameworks */,
				09E60F962A4B14B70057AE19 /* FirebaseInAppMessaging-Beta in Frameworks */,
				09E60F822A4B14B70057AE19 /* FirebaseAuth in Frameworks */,
				09E60F7E2A4B14B70057AE19 /* FirebaseAppCheck in Frameworks */,
				09E60F7C2A4B14B60057AE19 /* FirebaseAnalyticsWithoutAdIdSupport in Frameworks */,
				09E60F9A2A4B14B70057AE19 /* FirebaseInstallations in Frameworks */,
				09E60F9E2A4B14B70057AE19 /* FirebaseMessaging in Frameworks */,
				09E60F7A2A4B14B60057AE19 /* FirebaseAnalyticsSwift in Frameworks */,
				09E60FA82A4B14B70057AE19 /* FirebaseStorageCombine-Community in Frameworks */,
				09E60F8E2A4B14B70057AE19 /* FirebaseFirestoreCombine-Community in Frameworks */,
				09E60F982A4B14B70057AE19 /* FirebaseInAppMessagingSwift-Beta in Frameworks */,
				09E60F782A4B14B60057AE19 /* FirebaseAnalyticsOnDeviceConversion in Frameworks */,
				09E60F552A4B056B0057AE19 /* KakaoSDKUser in Frameworks */,
				09EB5CD82A49B752005BD0C1 /* Lottie in Frameworks */,
				09E60F902A4B14B70057AE19 /* FirebaseFirestoreSwift in Frameworks */,
				09E60F882A4B14B70057AE19 /* FirebaseDatabaseSwift in Frameworks */,
				09E60F9C2A4B14B70057AE19 /* FirebaseMLModelDownloader in Frameworks */,
				09E60F532A4B056B0057AE19 /* KakaoSDKCommon in Frameworks */,
				09E60F512A4B056B0057AE19 /* KakaoSDKAuth in Frameworks */,
			);
			runOnlyForDeploymentPostprocessing = 0;
		};
/* End PBXFrameworksBuildPhase section */

/* Begin PBXGroup section */
		098B289D2A45CDAC00FB0F81 = {
			isa = PBXGroup;
			children = (
				098B28A82A45CDAC00FB0F81 /* You&I */,
				098B28A72A45CDAC00FB0F81 /* Products */,
			);
			sourceTree = "<group>";
		};
		098B28A72A45CDAC00FB0F81 /* Products */ = {
			isa = PBXGroup;
			children = (
				098B28A62A45CDAC00FB0F81 /* You&I.app */,
			);
			name = Products;
			sourceTree = "<group>";
		};
		098B28A82A45CDAC00FB0F81 /* You&I */ = {
			isa = PBXGroup;
			children = (
				09E60F582A4B0EF10057AE19 /* You&I.entitlements */,
				09E60F4C2A4B03870057AE19 /* Service */,
				09E60F462A4AFA690057AE19 /* Resouce */,
				09D8DF1C2A46F56F009A6B17 /* Utils */,
				098B28BF2A45CF0D00FB0F81 /* Models */,
				098B28BE2A45CF0A00FB0F81 /* Controllers */,
				098B28BD2A45CF0800FB0F81 /* Views */,
				098B28A92A45CDAD00FB0F81 /* AppDelegate.swift */,
				098B28AB2A45CDAD00FB0F81 /* SceneDelegate.swift */,
				098B28B22A45CDAF00FB0F81 /* Assets.xcassets */,
				098B28B42A45CDAF00FB0F81 /* LaunchScreen.storyboard */,
				098B28B72A45CDAF00FB0F81 /* Info.plist */,
				09E60F592A4B12660057AE19 /* GoogleService-Info.plist */,
			);
			path = "You&I";
			sourceTree = "<group>";
		};
		098B28BD2A45CF0800FB0F81 /* Views */ = {
			isa = PBXGroup;
			children = (
				09EB5CDD2A49E426005BD0C1 /* MemortCardCollectionViewCell.swift */,
			);
			path = Views;
			sourceTree = "<group>";
		};
		098B28BE2A45CF0A00FB0F81 /* Controllers */ = {
			isa = PBXGroup;
			children = (
				098B28C02A45CF3D00FB0F81 /* MainViewController.swift */,
				09E60F562A4B095C0057AE19 /* SplashViewController.swift */,
				099D8DC62A48812B009E33C1 /* SideMenuNavigationController.swift */,
				09EB5CD42A49ABA7005BD0C1 /* LoginViewController.swift */,
				09F2A7652A505CCA0043E1C6 /* SideMenuViewController.swift */,
			);
			path = Controllers;
			sourceTree = "<group>";
		};
		098B28BF2A45CF0D00FB0F81 /* Models */ = {
			isa = PBXGroup;
			children = (
			);
			path = Models;
			sourceTree = "<group>";
		};
		09D8DF1C2A46F56F009A6B17 /* Utils */ = {
			isa = PBXGroup;
			children = (
				09D8DF202A46F58E009A6B17 /* Colors.swift */,
				09E60F4A2A4AFA8A0057AE19 /* Fonts.swift */,
			);
			path = Utils;
			sourceTree = "<group>";
		};
		09E60F462A4AFA690057AE19 /* Resouce */ = {
			isa = PBXGroup;
			children = (
				09E60F472A4AFA770057AE19 /* Pretendard-Bold.otf */,
				09E60F482A4AFA780057AE19 /* Pretendard-Medium.otf */,
				09E60F492A4AFA780057AE19 /* Pretendard-Regular.otf */,
				09EB5CDB2A49BE58005BD0C1 /* 99228-heart2heart.json */,
			);
			path = Resouce;
			sourceTree = "<group>";
		};
		09E60F4C2A4B03870057AE19 /* Service */ = {
			isa = PBXGroup;
			children = (
				09E60F4D2A4B03980057AE19 /* LoginService.swift */,
			);
			path = Service;
			sourceTree = "<group>";
		};
/* End PBXGroup section */

/* Begin PBXNativeTarget section */
		098B28A52A45CDAC00FB0F81 /* You&I */ = {
			isa = PBXNativeTarget;
			buildConfigurationList = 098B28BA2A45CDAF00FB0F81 /* Build configuration list for PBXNativeTarget "You&I" */;
			buildPhases = (
				098B28A22A45CDAC00FB0F81 /* Sources */,
				098B28A32A45CDAC00FB0F81 /* Frameworks */,
				098B28A42A45CDAC00FB0F81 /* Resources */,
			);
			buildRules = (
			);
			dependencies = (
			);
			name = "You&I";
			packageProductDependencies = (
				098B28C32A45D2D100FB0F81 /* SnapKit */,
				098B28C62A45D31F00FB0F81 /* Then */,
				099D8DC42A4880E7009E33C1 /* SideMenu */,
				09EB5CD72A49B752005BD0C1 /* Lottie */,
				09E60F502A4B056B0057AE19 /* KakaoSDKAuth */,
				09E60F522A4B056B0057AE19 /* KakaoSDKCommon */,
				09E60F542A4B056B0057AE19 /* KakaoSDKUser */,
				09E60F752A4B14B60057AE19 /* FirebaseAnalytics */,
				09E60F772A4B14B60057AE19 /* FirebaseAnalyticsOnDeviceConversion */,
				09E60F792A4B14B60057AE19 /* FirebaseAnalyticsSwift */,
				09E60F7B2A4B14B60057AE19 /* FirebaseAnalyticsWithoutAdIdSupport */,
				09E60F7D2A4B14B60057AE19 /* FirebaseAppCheck */,
				09E60F7F2A4B14B70057AE19 /* FirebaseAppDistribution-Beta */,
				09E60F812A4B14B70057AE19 /* FirebaseAuth */,
				09E60F832A4B14B70057AE19 /* FirebaseAuthCombine-Community */,
				09E60F852A4B14B70057AE19 /* FirebaseDatabase */,
				09E60F872A4B14B70057AE19 /* FirebaseDatabaseSwift */,
				09E60F892A4B14B70057AE19 /* FirebaseDynamicLinks */,
				09E60F8B2A4B14B70057AE19 /* FirebaseFirestore */,
				09E60F8D2A4B14B70057AE19 /* FirebaseFirestoreCombine-Community */,
				09E60F8F2A4B14B70057AE19 /* FirebaseFirestoreSwift */,
				09E60F912A4B14B70057AE19 /* FirebaseFunctions */,
				09E60F932A4B14B70057AE19 /* FirebaseFunctionsCombine-Community */,
				09E60F952A4B14B70057AE19 /* FirebaseInAppMessaging-Beta */,
				09E60F972A4B14B70057AE19 /* FirebaseInAppMessagingSwift-Beta */,
				09E60F992A4B14B70057AE19 /* FirebaseInstallations */,
				09E60F9B2A4B14B70057AE19 /* FirebaseMLModelDownloader */,
				09E60F9D2A4B14B70057AE19 /* FirebaseMessaging */,
				09E60F9F2A4B14B70057AE19 /* FirebasePerformance */,
				09E60FA12A4B14B70057AE19 /* FirebaseRemoteConfig */,
				09E60FA32A4B14B70057AE19 /* FirebaseRemoteConfigSwift */,
				09E60FA52A4B14B70057AE19 /* FirebaseStorage */,
				09E60FA72A4B14B70057AE19 /* FirebaseStorageCombine-Community */,
			);
			productName = "You&I";
			productReference = 098B28A62A45CDAC00FB0F81 /* You&I.app */;
			productType = "com.apple.product-type.application";
		};
/* End PBXNativeTarget section */

/* Begin PBXProject section */
		098B289E2A45CDAC00FB0F81 /* Project object */ = {
			isa = PBXProject;
			attributes = {
				BuildIndependentTargetsInParallel = 1;
				LastSwiftUpdateCheck = 1430;
				LastUpgradeCheck = 1430;
				TargetAttributes = {
					098B28A52A45CDAC00FB0F81 = {
						CreatedOnToolsVersion = 14.3.1;
					};
				};
			};
			buildConfigurationList = 098B28A12A45CDAC00FB0F81 /* Build configuration list for PBXProject "You&I" */;
			compatibilityVersion = "Xcode 14.0";
			developmentRegion = en;
			hasScannedForEncodings = 0;
			knownRegions = (
				en,
				Base,
			);
			mainGroup = 098B289D2A45CDAC00FB0F81;
			packageReferences = (
				098B28C22A45D2D100FB0F81 /* XCRemoteSwiftPackageReference "SnapKit" */,
				098B28C52A45D31F00FB0F81 /* XCRemoteSwiftPackageReference "Then" */,
				099D8DC32A4880E7009E33C1 /* XCRemoteSwiftPackageReference "SideMenu" */,
				09EB5CD62A49B752005BD0C1 /* XCRemoteSwiftPackageReference "lottie-spm" */,
				09E60F4F2A4B056B0057AE19 /* XCRemoteSwiftPackageReference "kakao-ios-sdk" */,
				09E60F742A4B14B60057AE19 /* XCRemoteSwiftPackageReference "firebase-ios-sdk" */,
			);
			productRefGroup = 098B28A72A45CDAC00FB0F81 /* Products */;
			projectDirPath = "";
			projectRoot = "";
			targets = (
				098B28A52A45CDAC00FB0F81 /* You&I */,
			);
		};
/* End PBXProject section */

/* Begin PBXResourcesBuildPhase section */
		098B28A42A45CDAC00FB0F81 /* Resources */ = {
			isa = PBXResourcesBuildPhase;
			buildActionMask = 2147483647;
			files = (
				098B28B62A45CDAF00FB0F81 /* LaunchScreen.storyboard in Resources */,
				09EB5CDC2A49BE58005BD0C1 /* 99228-heart2heart.json in Resources */,
				09E60F5A2A4B12660057AE19 /* GoogleService-Info.plist in Resources */,
				098B28B32A45CDAF00FB0F81 /* Assets.xcassets in Resources */,
			);
			runOnlyForDeploymentPostprocessing = 0;
		};
/* End PBXResourcesBuildPhase section */

/* Begin PBXSourcesBuildPhase section */
		098B28A22A45CDAC00FB0F81 /* Sources */ = {
			isa = PBXSourcesBuildPhase;
			buildActionMask = 2147483647;
			files = (
				09E60F4B2A4AFA8A0057AE19 /* Fonts.swift in Sources */,
				09EB5CD52A49ABA7005BD0C1 /* LoginViewController.swift in Sources */,
				099D8DC72A48812B009E33C1 /* SideMenuNavigationController.swift in Sources */,
				09D8DF212A46F58E009A6B17 /* Colors.swift in Sources */,
				09F2A7662A505CCA0043E1C6 /* SideMenuViewController.swift in Sources */,
				09E60F4E2A4B03980057AE19 /* LoginService.swift in Sources */,
				098B28AA2A45CDAD00FB0F81 /* AppDelegate.swift in Sources */,
				09EB5CDE2A49E426005BD0C1 /* MemortCardCollectionViewCell.swift in Sources */,
				098B28AC2A45CDAD00FB0F81 /* SceneDelegate.swift in Sources */,
				098B28C12A45CF3D00FB0F81 /* MainViewController.swift in Sources */,
				09E60F572A4B095C0057AE19 /* SplashViewController.swift in Sources */,
			);
			runOnlyForDeploymentPostprocessing = 0;
		};
/* End PBXSourcesBuildPhase section */

/* Begin PBXVariantGroup section */
		098B28B42A45CDAF00FB0F81 /* LaunchScreen.storyboard */ = {
			isa = PBXVariantGroup;
			children = (
				098B28B52A45CDAF00FB0F81 /* Base */,
			);
			name = LaunchScreen.storyboard;
			sourceTree = "<group>";
		};
/* End PBXVariantGroup section */

/* Begin XCBuildConfiguration section */
		098B28B82A45CDAF00FB0F81 /* Debug */ = {
			isa = XCBuildConfiguration;
			buildSettings = {
				ALWAYS_SEARCH_USER_PATHS = NO;
				CLANG_ANALYZER_NONNULL = YES;
				CLANG_ANALYZER_NUMBER_OBJECT_CONVERSION = YES_AGGRESSIVE;
				CLANG_CXX_LANGUAGE_STANDARD = "gnu++20";
				CLANG_ENABLE_MODULES = YES;
				CLANG_ENABLE_OBJC_ARC = YES;
				CLANG_ENABLE_OBJC_WEAK = YES;
				CLANG_WARN_BLOCK_CAPTURE_AUTORELEASING = YES;
				CLANG_WARN_BOOL_CONVERSION = YES;
				CLANG_WARN_COMMA = YES;
				CLANG_WARN_CONSTANT_CONVERSION = YES;
				CLANG_WARN_DEPRECATED_OBJC_IMPLEMENTATIONS = YES;
				CLANG_WARN_DIRECT_OBJC_ISA_USAGE = YES_ERROR;
				CLANG_WARN_DOCUMENTATION_COMMENTS = YES;
				CLANG_WARN_EMPTY_BODY = YES;
				CLANG_WARN_ENUM_CONVERSION = YES;
				CLANG_WARN_INFINITE_RECURSION = YES;
				CLANG_WARN_INT_CONVERSION = YES;
				CLANG_WARN_NON_LITERAL_NULL_CONVERSION = YES;
				CLANG_WARN_OBJC_IMPLICIT_RETAIN_SELF = YES;
				CLANG_WARN_OBJC_LITERAL_CONVERSION = YES;
				CLANG_WARN_OBJC_ROOT_CLASS = YES_ERROR;
				CLANG_WARN_QUOTED_INCLUDE_IN_FRAMEWORK_HEADER = YES;
				CLANG_WARN_RANGE_LOOP_ANALYSIS = YES;
				CLANG_WARN_STRICT_PROTOTYPES = YES;
				CLANG_WARN_SUSPICIOUS_MOVE = YES;
				CLANG_WARN_UNGUARDED_AVAILABILITY = YES_AGGRESSIVE;
				CLANG_WARN_UNREACHABLE_CODE = YES;
				CLANG_WARN__DUPLICATE_METHOD_MATCH = YES;
				COPY_PHASE_STRIP = NO;
				DEBUG_INFORMATION_FORMAT = dwarf;
				ENABLE_STRICT_OBJC_MSGSEND = YES;
				ENABLE_TESTABILITY = YES;
				GCC_C_LANGUAGE_STANDARD = gnu11;
				GCC_DYNAMIC_NO_PIC = NO;
				GCC_NO_COMMON_BLOCKS = YES;
				GCC_OPTIMIZATION_LEVEL = 0;
				GCC_PREPROCESSOR_DEFINITIONS = (
					"DEBUG=1",
					"$(inherited)",
				);
				GCC_WARN_64_TO_32_BIT_CONVERSION = YES;
				GCC_WARN_ABOUT_RETURN_TYPE = YES_ERROR;
				GCC_WARN_UNDECLARED_SELECTOR = YES;
				GCC_WARN_UNINITIALIZED_AUTOS = YES_AGGRESSIVE;
				GCC_WARN_UNUSED_FUNCTION = YES;
				GCC_WARN_UNUSED_VARIABLE = YES;
				IPHONEOS_DEPLOYMENT_TARGET = 16.4;
				MTL_ENABLE_DEBUG_INFO = INCLUDE_SOURCE;
				MTL_FAST_MATH = YES;
				ONLY_ACTIVE_ARCH = YES;
				SDKROOT = iphoneos;
				SWIFT_ACTIVE_COMPILATION_CONDITIONS = DEBUG;
				SWIFT_OPTIMIZATION_LEVEL = "-Onone";
			};
			name = Debug;
		};
		098B28B92A45CDAF00FB0F81 /* Release */ = {
			isa = XCBuildConfiguration;
			buildSettings = {
				ALWAYS_SEARCH_USER_PATHS = NO;
				CLANG_ANALYZER_NONNULL = YES;
				CLANG_ANALYZER_NUMBER_OBJECT_CONVERSION = YES_AGGRESSIVE;
				CLANG_CXX_LANGUAGE_STANDARD = "gnu++20";
				CLANG_ENABLE_MODULES = YES;
				CLANG_ENABLE_OBJC_ARC = YES;
				CLANG_ENABLE_OBJC_WEAK = YES;
				CLANG_WARN_BLOCK_CAPTURE_AUTORELEASING = YES;
				CLANG_WARN_BOOL_CONVERSION = YES;
				CLANG_WARN_COMMA = YES;
				CLANG_WARN_CONSTANT_CONVERSION = YES;
				CLANG_WARN_DEPRECATED_OBJC_IMPLEMENTATIONS = YES;
				CLANG_WARN_DIRECT_OBJC_ISA_USAGE = YES_ERROR;
				CLANG_WARN_DOCUMENTATION_COMMENTS = YES;
				CLANG_WARN_EMPTY_BODY = YES;
				CLANG_WARN_ENUM_CONVERSION = YES;
				CLANG_WARN_INFINITE_RECURSION = YES;
				CLANG_WARN_INT_CONVERSION = YES;
				CLANG_WARN_NON_LITERAL_NULL_CONVERSION = YES;
				CLANG_WARN_OBJC_IMPLICIT_RETAIN_SELF = YES;
				CLANG_WARN_OBJC_LITERAL_CONVERSION = YES;
				CLANG_WARN_OBJC_ROOT_CLASS = YES_ERROR;
				CLANG_WARN_QUOTED_INCLUDE_IN_FRAMEWORK_HEADER = YES;
				CLANG_WARN_RANGE_LOOP_ANALYSIS = YES;
				CLANG_WARN_STRICT_PROTOTYPES = YES;
				CLANG_WARN_SUSPICIOUS_MOVE = YES;
				CLANG_WARN_UNGUARDED_AVAILABILITY = YES_AGGRESSIVE;
				CLANG_WARN_UNREACHABLE_CODE = YES;
				CLANG_WARN__DUPLICATE_METHOD_MATCH = YES;
				COPY_PHASE_STRIP = NO;
				DEBUG_INFORMATION_FORMAT = "dwarf-with-dsym";
				ENABLE_NS_ASSERTIONS = NO;
				ENABLE_STRICT_OBJC_MSGSEND = YES;
				GCC_C_LANGUAGE_STANDARD = gnu11;
				GCC_NO_COMMON_BLOCKS = YES;
				GCC_WARN_64_TO_32_BIT_CONVERSION = YES;
				GCC_WARN_ABOUT_RETURN_TYPE = YES_ERROR;
				GCC_WARN_UNDECLARED_SELECTOR = YES;
				GCC_WARN_UNINITIALIZED_AUTOS = YES_AGGRESSIVE;
				GCC_WARN_UNUSED_FUNCTION = YES;
				GCC_WARN_UNUSED_VARIABLE = YES;
				IPHONEOS_DEPLOYMENT_TARGET = 16.4;
				MTL_ENABLE_DEBUG_INFO = NO;
				MTL_FAST_MATH = YES;
				SDKROOT = iphoneos;
				SWIFT_COMPILATION_MODE = wholemodule;
				SWIFT_OPTIMIZATION_LEVEL = "-O";
				VALIDATE_PRODUCT = YES;
			};
			name = Release;
		};
		098B28BB2A45CDAF00FB0F81 /* Debug */ = {
			isa = XCBuildConfiguration;
			buildSettings = {
				ASSETCATALOG_COMPILER_APPICON_NAME = AppIcon;
				ASSETCATALOG_COMPILER_GLOBAL_ACCENT_COLOR_NAME = AccentColor;
				CODE_SIGN_ENTITLEMENTS = "You&I/You&I.entitlements";
				CODE_SIGN_STYLE = Automatic;
				CURRENT_PROJECT_VERSION = 1;
				DEVELOPMENT_TEAM = JA7UDVTQBU;
				GENERATE_INFOPLIST_FILE = YES;
				INFOPLIST_FILE = "You&I/Info.plist";
				INFOPLIST_KEY_UIApplicationSupportsIndirectInputEvents = YES;
				INFOPLIST_KEY_UILaunchStoryboardName = LaunchScreen;
				INFOPLIST_KEY_UIMainStoryboardFile = Main;
				INFOPLIST_KEY_UISupportedInterfaceOrientations_iPad = "UIInterfaceOrientationPortrait UIInterfaceOrientationPortraitUpsideDown UIInterfaceOrientationLandscapeLeft UIInterfaceOrientationLandscapeRight";
				INFOPLIST_KEY_UISupportedInterfaceOrientations_iPhone = "UIInterfaceOrientationPortrait UIInterfaceOrientationLandscapeLeft UIInterfaceOrientationLandscapeRight";
				LD_RUNPATH_SEARCH_PATHS = (
					"$(inherited)",
					"@executable_path/Frameworks",
				);
				MARKETING_VERSION = 1.0;
				PRODUCT_BUNDLE_IDENTIFIER = "jc.You-I";
				PRODUCT_NAME = "$(TARGET_NAME)";
				SWIFT_EMIT_LOC_STRINGS = YES;
				SWIFT_VERSION = 5.0;
				TARGETED_DEVICE_FAMILY = "1,2";
			};
			name = Debug;
		};
		098B28BC2A45CDAF00FB0F81 /* Release */ = {
			isa = XCBuildConfiguration;
			buildSettings = {
				ASSETCATALOG_COMPILER_APPICON_NAME = AppIcon;
				ASSETCATALOG_COMPILER_GLOBAL_ACCENT_COLOR_NAME = AccentColor;
				CODE_SIGN_ENTITLEMENTS = "You&I/You&I.entitlements";
				CODE_SIGN_STYLE = Automatic;
				CURRENT_PROJECT_VERSION = 1;
				DEVELOPMENT_TEAM = JA7UDVTQBU;
				GENERATE_INFOPLIST_FILE = YES;
				INFOPLIST_FILE = "You&I/Info.plist";
				INFOPLIST_KEY_UIApplicationSupportsIndirectInputEvents = YES;
				INFOPLIST_KEY_UILaunchStoryboardName = LaunchScreen;
				INFOPLIST_KEY_UIMainStoryboardFile = Main;
				INFOPLIST_KEY_UISupportedInterfaceOrientations_iPad = "UIInterfaceOrientationPortrait UIInterfaceOrientationPortraitUpsideDown UIInterfaceOrientationLandscapeLeft UIInterfaceOrientationLandscapeRight";
				INFOPLIST_KEY_UISupportedInterfaceOrientations_iPhone = "UIInterfaceOrientationPortrait UIInterfaceOrientationLandscapeLeft UIInterfaceOrientationLandscapeRight";
				LD_RUNPATH_SEARCH_PATHS = (
					"$(inherited)",
					"@executable_path/Frameworks",
				);
				MARKETING_VERSION = 1.0;
				PRODUCT_BUNDLE_IDENTIFIER = "jc.You-I";
				PRODUCT_NAME = "$(TARGET_NAME)";
				SWIFT_EMIT_LOC_STRINGS = YES;
				SWIFT_VERSION = 5.0;
				TARGETED_DEVICE_FAMILY = "1,2";
			};
			name = Release;
		};
/* End XCBuildConfiguration section */

/* Begin XCConfigurationList section */
		098B28A12A45CDAC00FB0F81 /* Build configuration list for PBXProject "You&I" */ = {
			isa = XCConfigurationList;
			buildConfigurations = (
				098B28B82A45CDAF00FB0F81 /* Debug */,
				098B28B92A45CDAF00FB0F81 /* Release */,
			);
			defaultConfigurationIsVisible = 0;
			defaultConfigurationName = Release;
		};
		098B28BA2A45CDAF00FB0F81 /* Build configuration list for PBXNativeTarget "You&I" */ = {
			isa = XCConfigurationList;
			buildConfigurations = (
				098B28BB2A45CDAF00FB0F81 /* Debug */,
				098B28BC2A45CDAF00FB0F81 /* Release */,
			);
			defaultConfigurationIsVisible = 0;
			defaultConfigurationName = Release;
		};
/* End XCConfigurationList section */

/* Begin XCRemoteSwiftPackageReference section */
		098B28C22A45D2D100FB0F81 /* XCRemoteSwiftPackageReference "SnapKit" */ = {
			isa = XCRemoteSwiftPackageReference;
			repositoryURL = "https://github.com/SnapKit/SnapKit.git";
			requirement = {
				kind = upToNextMajorVersion;
				minimumVersion = 5.0.0;
			};
		};
		098B28C52A45D31F00FB0F81 /* XCRemoteSwiftPackageReference "Then" */ = {
			isa = XCRemoteSwiftPackageReference;
			repositoryURL = "https://github.com/devxoul/Then";
			requirement = {
				kind = upToNextMajorVersion;
				minimumVersion = 3.0.0;
			};
		};
		099D8DC32A4880E7009E33C1 /* XCRemoteSwiftPackageReference "SideMenu" */ = {
			isa = XCRemoteSwiftPackageReference;
			repositoryURL = "https://github.com/jonkykong/SideMenu.git";
			requirement = {
				kind = upToNextMajorVersion;
				minimumVersion = 6.0.0;
			};
		};
		09E60F4F2A4B056B0057AE19 /* XCRemoteSwiftPackageReference "kakao-ios-sdk" */ = {
			isa = XCRemoteSwiftPackageReference;
			repositoryURL = "https://github.com/kakao/kakao-ios-sdk";
			requirement = {
				kind = upToNextMajorVersion;
				minimumVersion = 2.0.0;
			};
		};
		09E60F742A4B14B60057AE19 /* XCRemoteSwiftPackageReference "firebase-ios-sdk" */ = {
			isa = XCRemoteSwiftPackageReference;
			repositoryURL = "https://github.com/firebase/firebase-ios-sdk.git";
			requirement = {
				kind = upToNextMajorVersion;
				minimumVersion = 10.0.0;
			};
		};
		09EB5CD62A49B752005BD0C1 /* XCRemoteSwiftPackageReference "lottie-spm" */ = {
			isa = XCRemoteSwiftPackageReference;
			repositoryURL = "https://github.com/airbnb/lottie-spm.git";
			requirement = {
				kind = upToNextMajorVersion;
				minimumVersion = 4.0.0;
			};
		};
/* End XCRemoteSwiftPackageReference section */

/* Begin XCSwiftPackageProductDependency section */
		098B28C32A45D2D100FB0F81 /* SnapKit */ = {
			isa = XCSwiftPackageProductDependency;
			package = 098B28C22A45D2D100FB0F81 /* XCRemoteSwiftPackageReference "SnapKit" */;
			productName = SnapKit;
		};
		098B28C62A45D31F00FB0F81 /* Then */ = {
			isa = XCSwiftPackageProductDependency;
			package = 098B28C52A45D31F00FB0F81 /* XCRemoteSwiftPackageReference "Then" */;
			productName = Then;
		};
		099D8DC42A4880E7009E33C1 /* SideMenu */ = {
			isa = XCSwiftPackageProductDependency;
			package = 099D8DC32A4880E7009E33C1 /* XCRemoteSwiftPackageReference "SideMenu" */;
			productName = SideMenu;
		};
		09E60F502A4B056B0057AE19 /* KakaoSDKAuth */ = {
			isa = XCSwiftPackageProductDependency;
			package = 09E60F4F2A4B056B0057AE19 /* XCRemoteSwiftPackageReference "kakao-ios-sdk" */;
			productName = KakaoSDKAuth;
		};
		09E60F522A4B056B0057AE19 /* KakaoSDKCommon */ = {
			isa = XCSwiftPackageProductDependency;
			package = 09E60F4F2A4B056B0057AE19 /* XCRemoteSwiftPackageReference "kakao-ios-sdk" */;
			productName = KakaoSDKCommon;
		};
		09E60F542A4B056B0057AE19 /* KakaoSDKUser */ = {
			isa = XCSwiftPackageProductDependency;
			package = 09E60F4F2A4B056B0057AE19 /* XCRemoteSwiftPackageReference "kakao-ios-sdk" */;
			productName = KakaoSDKUser;
		};
		09E60F752A4B14B60057AE19 /* FirebaseAnalytics */ = {
			isa = XCSwiftPackageProductDependency;
			package = 09E60F742A4B14B60057AE19 /* XCRemoteSwiftPackageReference "firebase-ios-sdk" */;
			productName = FirebaseAnalytics;
		};
		09E60F772A4B14B60057AE19 /* FirebaseAnalyticsOnDeviceConversion */ = {
			isa = XCSwiftPackageProductDependency;
			package = 09E60F742A4B14B60057AE19 /* XCRemoteSwiftPackageReference "firebase-ios-sdk" */;
			productName = FirebaseAnalyticsOnDeviceConversion;
		};
		09E60F792A4B14B60057AE19 /* FirebaseAnalyticsSwift */ = {
			isa = XCSwiftPackageProductDependency;
			package = 09E60F742A4B14B60057AE19 /* XCRemoteSwiftPackageReference "firebase-ios-sdk" */;
			productName = FirebaseAnalyticsSwift;
		};
		09E60F7B2A4B14B60057AE19 /* FirebaseAnalyticsWithoutAdIdSupport */ = {
			isa = XCSwiftPackageProductDependency;
			package = 09E60F742A4B14B60057AE19 /* XCRemoteSwiftPackageReference "firebase-ios-sdk" */;
			productName = FirebaseAnalyticsWithoutAdIdSupport;
		};
		09E60F7D2A4B14B60057AE19 /* FirebaseAppCheck */ = {
			isa = XCSwiftPackageProductDependency;
			package = 09E60F742A4B14B60057AE19 /* XCRemoteSwiftPackageReference "firebase-ios-sdk" */;
			productName = FirebaseAppCheck;
		};
		09E60F7F2A4B14B70057AE19 /* FirebaseAppDistribution-Beta */ = {
			isa = XCSwiftPackageProductDependency;
			package = 09E60F742A4B14B60057AE19 /* XCRemoteSwiftPackageReference "firebase-ios-sdk" */;
			productName = "FirebaseAppDistribution-Beta";
		};
		09E60F812A4B14B70057AE19 /* FirebaseAuth */ = {
			isa = XCSwiftPackageProductDependency;
			package = 09E60F742A4B14B60057AE19 /* XCRemoteSwiftPackageReference "firebase-ios-sdk" */;
			productName = FirebaseAuth;
		};
		09E60F832A4B14B70057AE19 /* FirebaseAuthCombine-Community */ = {
			isa = XCSwiftPackageProductDependency;
			package = 09E60F742A4B14B60057AE19 /* XCRemoteSwiftPackageReference "firebase-ios-sdk" */;
			productName = "FirebaseAuthCombine-Community";
		};
		09E60F852A4B14B70057AE19 /* FirebaseDatabase */ = {
			isa = XCSwiftPackageProductDependency;
			package = 09E60F742A4B14B60057AE19 /* XCRemoteSwiftPackageReference "firebase-ios-sdk" */;
			productName = FirebaseDatabase;
		};
		09E60F872A4B14B70057AE19 /* FirebaseDatabaseSwift */ = {
			isa = XCSwiftPackageProductDependency;
			package = 09E60F742A4B14B60057AE19 /* XCRemoteSwiftPackageReference "firebase-ios-sdk" */;
			productName = FirebaseDatabaseSwift;
		};
		09E60F892A4B14B70057AE19 /* FirebaseDynamicLinks */ = {
			isa = XCSwiftPackageProductDependency;
			package = 09E60F742A4B14B60057AE19 /* XCRemoteSwiftPackageReference "firebase-ios-sdk" */;
			productName = FirebaseDynamicLinks;
		};
		09E60F8B2A4B14B70057AE19 /* FirebaseFirestore */ = {
			isa = XCSwiftPackageProductDependency;
			package = 09E60F742A4B14B60057AE19 /* XCRemoteSwiftPackageReference "firebase-ios-sdk" */;
			productName = FirebaseFirestore;
		};
		09E60F8D2A4B14B70057AE19 /* FirebaseFirestoreCombine-Community */ = {
			isa = XCSwiftPackageProductDependency;
			package = 09E60F742A4B14B60057AE19 /* XCRemoteSwiftPackageReference "firebase-ios-sdk" */;
			productName = "FirebaseFirestoreCombine-Community";
		};
		09E60F8F2A4B14B70057AE19 /* FirebaseFirestoreSwift */ = {
			isa = XCSwiftPackageProductDependency;
			package = 09E60F742A4B14B60057AE19 /* XCRemoteSwiftPackageReference "firebase-ios-sdk" */;
			productName = FirebaseFirestoreSwift;
		};
		09E60F912A4B14B70057AE19 /* FirebaseFunctions */ = {
			isa = XCSwiftPackageProductDependency;
			package = 09E60F742A4B14B60057AE19 /* XCRemoteSwiftPackageReference "firebase-ios-sdk" */;
			productName = FirebaseFunctions;
		};
		09E60F932A4B14B70057AE19 /* FirebaseFunctionsCombine-Community */ = {
			isa = XCSwiftPackageProductDependency;
			package = 09E60F742A4B14B60057AE19 /* XCRemoteSwiftPackageReference "firebase-ios-sdk" */;
			productName = "FirebaseFunctionsCombine-Community";
		};
		09E60F952A4B14B70057AE19 /* FirebaseInAppMessaging-Beta */ = {
			isa = XCSwiftPackageProductDependency;
			package = 09E60F742A4B14B60057AE19 /* XCRemoteSwiftPackageReference "firebase-ios-sdk" */;
			productName = "FirebaseInAppMessaging-Beta";
		};
		09E60F972A4B14B70057AE19 /* FirebaseInAppMessagingSwift-Beta */ = {
			isa = XCSwiftPackageProductDependency;
			package = 09E60F742A4B14B60057AE19 /* XCRemoteSwiftPackageReference "firebase-ios-sdk" */;
			productName = "FirebaseInAppMessagingSwift-Beta";
		};
		09E60F992A4B14B70057AE19 /* FirebaseInstallations */ = {
			isa = XCSwiftPackageProductDependency;
			package = 09E60F742A4B14B60057AE19 /* XCRemoteSwiftPackageReference "firebase-ios-sdk" */;
			productName = FirebaseInstallations;
		};
		09E60F9B2A4B14B70057AE19 /* FirebaseMLModelDownloader */ = {
			isa = XCSwiftPackageProductDependency;
			package = 09E60F742A4B14B60057AE19 /* XCRemoteSwiftPackageReference "firebase-ios-sdk" */;
			productName = FirebaseMLModelDownloader;
		};
		09E60F9D2A4B14B70057AE19 /* FirebaseMessaging */ = {
			isa = XCSwiftPackageProductDependency;
			package = 09E60F742A4B14B60057AE19 /* XCRemoteSwiftPackageReference "firebase-ios-sdk" */;
			productName = FirebaseMessaging;
		};
		09E60F9F2A4B14B70057AE19 /* FirebasePerformance */ = {
			isa = XCSwiftPackageProductDependency;
			package = 09E60F742A4B14B60057AE19 /* XCRemoteSwiftPackageReference "firebase-ios-sdk" */;
			productName = FirebasePerformance;
		};
		09E60FA12A4B14B70057AE19 /* FirebaseRemoteConfig */ = {
			isa = XCSwiftPackageProductDependency;
			package = 09E60F742A4B14B60057AE19 /* XCRemoteSwiftPackageReference "firebase-ios-sdk" */;
			productName = FirebaseRemoteConfig;
		};
		09E60FA32A4B14B70057AE19 /* FirebaseRemoteConfigSwift */ = {
			isa = XCSwiftPackageProductDependency;
			package = 09E60F742A4B14B60057AE19 /* XCRemoteSwiftPackageReference "firebase-ios-sdk" */;
			productName = FirebaseRemoteConfigSwift;
		};
		09E60FA52A4B14B70057AE19 /* FirebaseStorage */ = {
			isa = XCSwiftPackageProductDependency;
			package = 09E60F742A4B14B60057AE19 /* XCRemoteSwiftPackageReference "firebase-ios-sdk" */;
			productName = FirebaseStorage;
		};
		09E60FA72A4B14B70057AE19 /* FirebaseStorageCombine-Community */ = {
			isa = XCSwiftPackageProductDependency;
			package = 09E60F742A4B14B60057AE19 /* XCRemoteSwiftPackageReference "firebase-ios-sdk" */;
			productName = "FirebaseStorageCombine-Community";
		};
		09EB5CD72A49B752005BD0C1 /* Lottie */ = {
			isa = XCSwiftPackageProductDependency;
			package = 09EB5CD62A49B752005BD0C1 /* XCRemoteSwiftPackageReference "lottie-spm" */;
			productName = Lottie;
		};
/* End XCSwiftPackageProductDependency section */
	};
	rootObject = 098B289E2A45CDAC00FB0F81 /* Project object */;
}
